
Microsoft Visual Studio Solution File, Format Version 12.00
# Visual Studio Version 17
VisualStudioVersion = 17.5.33530.505
MinimumVisualStudioVersion = 10.0.40219.1
Project("{FAE04EC0-301F-11D3-BF4B-00C04F79EFBC}") = "Harjoitus5", "Harjoitus5\Harjoitus5.csproj", "{D51657CA-0C78-4ADA-AB11-E26ECDA06581}"
EndProject
Global
	GlobalSection(SolutionConfigurationPlatforms) = preSolution
		Debug|Any CPU = Debug|Any CPU
		Release|Any CPU = Release|Any CPU
	EndGlobalSection
	GlobalSection(ProjectConfigurationPlatforms) = postSolution
		{D51657CA-0C78-4ADA-AB11-E26ECDA06581}.Debug|Any CPU.ActiveCfg = Debug|Any CPU
		{D51657CA-0C78-4ADA-AB11-E26ECDA06581}.Debug|Any CPU.Build.0 = Debug|Any CPU
		{D51657CA-0C78-4ADA-AB11-E26ECDA06581}.Release|Any CPU.ActiveCfg = Release|Any CPU
		{D51657CA-0C78-4ADA-AB11-E26ECDA06581}.Release|Any CPU.Build.0 = Release|Any CPU
	EndGlobalSection
	GlobalSection(SolutionProperties) = preSolution
		HideSolutionNode = FALSE
	EndGlobalSection
	GlobalSection(ExtensibilityGlobals) = postSolution
		SolutionGuid = {AA984061-7D1E-4ED8-8459-D1B4E77A2647}
	EndGlobalSection
EndGlobal
