
Microsoft Visual Studio Solution File, Format Version 12.00
# Visual Studio Version 17
VisualStudioVersion = 17.5.33530.505
MinimumVisualStudioVersion = 10.0.40219.1
Project("{9A19103F-16F7-4668-BE54-9A1E7A4F7556}") = "Harjoitus8", "Harjoitus8\Harjoitus8.csproj", "{233E23F6-2166-48D0-82F3-296C353D9214}"
EndProject
Project("{FAE04EC0-301F-11D3-BF4B-00C04F79EFBC}") = "Harjoitus10", "..\Elain\Harjoitus10\Harjoitus10.csproj", "{FAF3CBFB-D158-418B-B934-EEC1FA91BAF6}"
EndProject
Global
	GlobalSection(SolutionConfigurationPlatforms) = preSolution
		Debug|Any CPU = Debug|Any CPU
		Release|Any CPU = Release|Any CPU
	EndGlobalSection
	GlobalSection(ProjectConfigurationPlatforms) = postSolution
		{233E23F6-2166-48D0-82F3-296C353D9214}.Debug|Any CPU.ActiveCfg = Debug|Any CPU
		{233E23F6-2166-48D0-82F3-296C353D9214}.Debug|Any CPU.Build.0 = Debug|Any CPU
		{233E23F6-2166-48D0-82F3-296C353D9214}.Release|Any CPU.ActiveCfg = Release|Any CPU
		{233E23F6-2166-48D0-82F3-296C353D9214}.Release|Any CPU.Build.0 = Release|Any CPU
		{FAF3CBFB-D158-418B-B934-EEC1FA91BAF6}.Debug|Any CPU.ActiveCfg = Debug|Any CPU
		{FAF3CBFB-D158-418B-B934-EEC1FA91BAF6}.Debug|Any CPU.Build.0 = Debug|Any CPU
		{FAF3CBFB-D158-418B-B934-EEC1FA91BAF6}.Release|Any CPU.ActiveCfg = Release|Any CPU
		{FAF3CBFB-D158-418B-B934-EEC1FA91BAF6}.Release|Any CPU.Build.0 = Release|Any CPU
	EndGlobalSection
	GlobalSection(SolutionProperties) = preSolution
		HideSolutionNode = FALSE
	EndGlobalSection
	GlobalSection(ExtensibilityGlobals) = postSolution
		SolutionGuid = {3D76AB09-5F1F-4691-A237-0BF43A68A5F5}
	EndGlobalSection
EndGlobal
